{
  "originHash" : "0ed1a20ef167ff6bbd7e233d8316ce8089f144b9619fb921d55eb1b69ffdfd4c",
  "pins" : [
    {
      "identity" : "rive-ios",
      "kind" : "remoteSourceControl",
      "location" : "https://github.com/rive-app/rive-ios",
      "state" : {
        "branch" : "main",
        "revision" : "6c1ef7e7feb0fcf836da7ece7e46a6e583809230"
      }
    }
  ],
  "version" : 3
}
