{
  "name": "demo",
  "version": "1.0.0",
  "lockfileVersion": 3,
  "requires": true,
  "packages": {
    "": {
      "name": "demo",
      "version": "1.0.0",
      "license": "ISC",
      "dependencies": {
        "@rive-app/canvas-lite": "^2.32.2"
      }
    },
    "node_modules/@rive-app/canvas-lite": {
      "version": "2.32.2",
      "resolved": "https://registry.npmjs.org/@rive-app/canvas-lite/-/canvas-lite-2.32.2.tgz",
      "integrity": "sha512-kOLPhbNgtfWQcLYqe0rSt+aVjao4UefBSiyZSTRzD06N1S7510/vd/t/e7tKqD/6RTtklUjSspi9GnTUmJV/wA==",
      "license": "MIT"
    }
  }
}
