{
  "name": "demo",
  "version": "1.0.0",
  "lockfileVersion": 3,
  "requires": true,
  "packages": {
    "": {
      "name": "demo",
      "version": "1.0.0",
      "license": "ISC",
      "dependencies": {
        "@rive-app/canvas": "^2.32.2"
      }
    },
    "node_modules/@rive-app/canvas": {
      "version": "2.32.2",
      "resolved": "https://registry.npmjs.org/@rive-app/canvas/-/canvas-2.32.2.tgz",
      "integrity": "sha512-P4pWqH8gQkijRGvlGwDAJTElKmjV003uUzdfoq1wUliM2LcZ4aeUzYuURyOy1wNchDlTWwi0OiMNOFAwKKIzKw==",
      "license": "MIT"
    }
  }
}
